
Microsoft Visual Studio Solution File, Format Version 12.00
# Visual Studio Version 16
VisualStudioVersion = 16.0.31702.278
MinimumVisualStudioVersion = 10.0.40219.1
Project("{FAE04EC0-301F-11D3-BF4B-00C04F79EFBC}") = "Resources_lab", "Resources_lab\Resources_lab.csproj", "{ED2A241C-80D1-4B93-8D3A-A7505F589B03}"
EndProject
Global
	GlobalSection(SolutionConfigurationPlatforms) = preSolution
		Debug|Any CPU = Debug|Any CPU
		Release|Any CPU = Release|Any CPU
	EndGlobalSection
	GlobalSection(ProjectConfigurationPlatforms) = postSolution
		{ED2A241C-80D1-4B93-8D3A-A7505F589B03}.Debug|Any CPU.ActiveCfg = Debug|Any CPU
		{ED2A241C-80D1-4B93-8D3A-A7505F589B03}.Debug|Any CPU.Build.0 = Debug|Any CPU
		{ED2A241C-80D1-4B93-8D3A-A7505F589B03}.Release|Any CPU.ActiveCfg = Release|Any CPU
		{ED2A241C-80D1-4B93-8D3A-A7505F589B03}.Release|Any CPU.Build.0 = Release|Any CPU
	EndGlobalSection
	GlobalSection(SolutionProperties) = preSolution
		HideSolutionNode = FALSE
	EndGlobalSection
	GlobalSection(ExtensibilityGlobals) = postSolution
		SolutionGuid = {6069E47A-4C72-4399-B2CE-751A874CB29B}
	EndGlobalSection
EndGlobal
